
Microsoft Visual Studio Solution File, Format Version 12.00
# Visual Studio 15
VisualStudioVersion = 15.0.27130.2036
MinimumVisualStudioVersion = 10.0.40219.1
Project("{FAE04EC0-301F-11D3-BF4B-00C04F79EFBC}") = "DvdService", "DvdService\DvdService.csproj", "{A2A11DC2-F206-4631-96D2-F9CD588D5454}"
EndProject
Project("{FAE04EC0-301F-11D3-BF4B-00C04F79EFBC}") = "DvdModels", "DvdModels\DvdModels.csproj", "{972FD455-DAFF-4A91-BDAE-6C864EF79AA6}"
EndProject
Project("{FAE04EC0-301F-11D3-BF4B-00C04F79EFBC}") = "DvdData", "DvdData\DvdData.csproj", "{5A19D90C-33F1-4847-B16C-59F1D9C58ED2}"
EndProject
Project("{FAE04EC0-301F-11D3-BF4B-00C04F79EFBC}") = "DvdData.Tests", "DvdData.Tests\DvdData.Tests.csproj", "{62D3A4AD-8920-42BB-885E-BFB3C5A04C09}"
EndProject
Global
	GlobalSection(SolutionConfigurationPlatforms) = preSolution
		Debug|Any CPU = Debug|Any CPU
		Release|Any CPU = Release|Any CPU
	EndGlobalSection
	GlobalSection(ProjectConfigurationPlatforms) = postSolution
		{A2A11DC2-F206-4631-96D2-F9CD588D5454}.Debug|Any CPU.ActiveCfg = Debug|Any CPU
		{A2A11DC2-F206-4631-96D2-F9CD588D5454}.Debug|Any CPU.Build.0 = Debug|Any CPU
		{A2A11DC2-F206-4631-96D2-F9CD588D5454}.Release|Any CPU.ActiveCfg = Release|Any CPU
		{A2A11DC2-F206-4631-96D2-F9CD588D5454}.Release|Any CPU.Build.0 = Release|Any CPU
		{972FD455-DAFF-4A91-BDAE-6C864EF79AA6}.Debug|Any CPU.ActiveCfg = Debug|Any CPU
		{972FD455-DAFF-4A91-BDAE-6C864EF79AA6}.Debug|Any CPU.Build.0 = Debug|Any CPU
		{972FD455-DAFF-4A91-BDAE-6C864EF79AA6}.Release|Any CPU.ActiveCfg = Release|Any CPU
		{972FD455-DAFF-4A91-BDAE-6C864EF79AA6}.Release|Any CPU.Build.0 = Release|Any CPU
		{5A19D90C-33F1-4847-B16C-59F1D9C58ED2}.Debug|Any CPU.ActiveCfg = Debug|Any CPU
		{5A19D90C-33F1-4847-B16C-59F1D9C58ED2}.Debug|Any CPU.Build.0 = Debug|Any CPU
		{5A19D90C-33F1-4847-B16C-59F1D9C58ED2}.Release|Any CPU.ActiveCfg = Release|Any CPU
		{5A19D90C-33F1-4847-B16C-59F1D9C58ED2}.Release|Any CPU.Build.0 = Release|Any CPU
		{62D3A4AD-8920-42BB-885E-BFB3C5A04C09}.Debug|Any CPU.ActiveCfg = Debug|Any CPU
		{62D3A4AD-8920-42BB-885E-BFB3C5A04C09}.Debug|Any CPU.Build.0 = Debug|Any CPU
		{62D3A4AD-8920-42BB-885E-BFB3C5A04C09}.Release|Any CPU.ActiveCfg = Release|Any CPU
		{62D3A4AD-8920-42BB-885E-BFB3C5A04C09}.Release|Any CPU.Build.0 = Release|Any CPU
	EndGlobalSection
	GlobalSection(SolutionProperties) = preSolution
		HideSolutionNode = FALSE
	EndGlobalSection
	GlobalSection(ExtensibilityGlobals) = postSolution
		SolutionGuid = {258A6420-8625-4EA2-9108-4AAF476AC9DE}
	EndGlobalSection
EndGlobal
